// !$*UTF8*$!
{
	archiveVersion = 1;
	classes = {
	};
	objectVersion = 48;
	objects = {

/* Begin PBXBuildFile section */
		0546723F228621D700F2C79B /* AppDelegate.swift in Sources */ = {isa = PBXBuildFile; fileRef = 0546723E228621D700F2C79B /* AppDelegate.swift */; };
		05467241228621D700F2C79B /* ViewController.swift in Sources */ = {isa = PBXBuildFile; fileRef = 05467240228621D700F2C79B /* ViewController.swift */; };
		05467244228621D700F2C79B /* Main.storyboard in Resources */ = {isa = PBXBuildFile; fileRef = 05467242228621D700F2C79B /* Main.storyboard */; };
		05467247228621D700F2C79B /* Conversor.xcdatamodeld in Sources */ = {isa = PBXBuildFile; fileRef = 05467245228621D700F2C79B /* Conversor.xcdatamodeld */; };
		05467249228621D700F2C79B /* Assets.xcassets in Resources */ = {isa = PBXBuildFile; fileRef = 05467248228621D700F2C79B /* Assets.xcassets */; };
		0546724C228621D700F2C79B /* LaunchScreen.storyboard in Resources */ = {isa = PBXBuildFile; fileRef = 0546724A228621D700F2C79B /* LaunchScreen.storyboard */; };
/* End PBXBuildFile section */

/* Begin PBXFileReference section */
		0546723B228621D700F2C79B /* Conversor.app */ = {isa = PBXFileReference; explicitFileType = wrapper.application; includeInIndex = 0; path = Conversor.app; sourceTree = BUILT_PRODUCTS_DIR; };
		0546723E228621D700F2C79B /* AppDelegate.swift */ = {isa = PBXFileReference; lastKnownFileType = sourcecode.swift; path = AppDelegate.swift; sourceTree = "<group>"; };
		05467240228621D700F2C79B /* ViewController.swift */ = {isa = PBXFileReference; lastKnownFileType = sourcecode.swift; path = ViewController.swift; sourceTree = "<group>"; };
		05467243228621D700F2C79B /* Base */ = {isa = PBXFileReference; lastKnownFileType = file.storyboard; name = Base; path = Base.lproj/Main.storyboard; sourceTree = "<group>"; };
		05467246228621D700F2C79B /* Conversor.xcdatamodel */ = {isa = PBXFileReference; lastKnownFileType = wrapper.xcdatamodel; path = Conversor.xcdatamodel; sourceTree = "<group>"; };
		05467248228621D700F2C79B /* Assets.xcassets */ = {isa = PBXFileReference; lastKnownFileType = folder.assetcatalog; path = Assets.xcassets; sourceTree = "<group>"; };
		0546724B228621D700F2C79B /* Base */ = {isa = PBXFileReference; lastKnownFileType = file.storyboard; name = Base; path = Base.lproj/LaunchScreen.storyboard; sourceTree = "<group>"; };
		0546724D228621D700F2C79B /* Info.plist */ = {isa = PBXFileReference; lastKnownFileType = text.plist.xml; path = Info.plist; sourceTree = "<group>"; };
/* End PBXFileReference section */

/* Begin PBXFrameworksBuildPhase section */
		05467238228621D700F2C79B /* Frameworks */ = {
			isa = PBXFrameworksBuildPhase;
			buildActionMask = 2147483647;
			files = (
			);
			runOnlyForDeploymentPostprocessing = 0;
		};
/* End PBXFrameworksBuildPhase section */

/* Begin PBXGroup section */
		05467232228621D700F2C79B = {
			isa = PBXGroup;
			children = (
				0546723D228621D700F2C79B /* Conversor */,
				0546723C228621D700F2C79B /* Products */,
			);
			sourceTree = "<group>";
		};
		0546723C228621D700F2C79B /* Products */ = {
			isa = PBXGroup;
			children = (
				0546723B228621D700F2C79B /* Conversor.app */,
			);
			name = Products;
			sourceTree = "<group>";
		};
		0546723D228621D700F2C79B /* Conversor */ = {
			isa = PBXGroup;
			children = (
				0546723E228621D700F2C79B /* AppDelegate.swift */,
				05467240228621D700F2C79B /* ViewController.swift */,
				05467242228621D700F2C79B /* Main.storyboard */,
				05467248228621D700F2C79B /* Assets.xcassets */,
				0546724A228621D700F2C79B /* LaunchScreen.storyboard */,
				0546724D228621D700F2C79B /* Info.plist */,
				05467245228621D700F2C79B /* Conversor.xcdatamodeld */,
			);
			path = Conversor;
			sourceTree = "<group>";
		};
/* End PBXGroup section */

/* Begin PBXNativeTarget section */
		0546723A228621D700F2C79B /* Conversor */ = {
			isa = PBXNativeTarget;
			buildConfigurationList = 05467250228621D700F2C79B /* Build configuration list for PBXNativeTarget "Conversor" */;
			buildPhases = (
				05467237228621D700F2C79B /* Sources */,
				05467238228621D700F2C79B /* Frameworks */,
				05467239228621D700F2C79B /* Resources */,
			);
			buildRules = (
			);
			dependencies = (
			);
			name = Conversor;
			productName = Conversor;
			productReference = 0546723B228621D700F2C79B /* Conversor.app */;
			productType = "com.apple.product-type.application";
		};
/* End PBXNativeTarget section */

/* Begin PBXProject section */
		05467233228621D700F2C79B /* Project object */ = {
			isa = PBXProject;
			attributes = {
				LastSwiftUpdateCheck = 0920;
				LastUpgradeCheck = 0920;
				ORGANIZATIONNAME = Tecsup;
				TargetAttributes = {
					0546723A228621D700F2C79B = {
						CreatedOnToolsVersion = 9.2;
						ProvisioningStyle = Automatic;
					};
				};
			};
			buildConfigurationList = 05467236228621D700F2C79B /* Build configuration list for PBXProject "Conversor" */;
			compatibilityVersion = "Xcode 8.0";
			developmentRegion = en;
			hasScannedForEncodings = 0;
			knownRegions = (
				en,
				Base,
			);
			mainGroup = 05467232228621D700F2C79B;
			productRefGroup = 0546723C228621D700F2C79B /* Products */;
			projectDirPath = "";
			projectRoot = "";
			targets = (
				0546723A228621D700F2C79B /* Conversor */,
			);
		};
/* End PBXProject section */

/* Begin PBXResourcesBuildPhase section */
		05467239228621D700F2C79B /* Resources */ = {
			isa = PBXResourcesBuildPhase;
			buildActionMask = 2147483647;
			files = (
				0546724C228621D700F2C79B /* LaunchScreen.storyboard in Resources */,
				05467249228621D700F2C79B /* Assets.xcassets in Resources */,
				05467244228621D700F2C79B /* Main.storyboard in Resources */,
			);
			runOnlyForDeploymentPostprocessing = 0;
		};
/* End PBXResourcesBuildPhase section */

/* Begin PBXSourcesBuildPhase section */
		05467237228621D700F2C79B /* Sources */ = {
			isa = PBXSourcesBuildPhase;
			buildActionMask = 2147483647;
			files = (
				05467241228621D700F2C79B /* ViewController.swift in Sources */,
				05467247228621D700F2C79B /* Conversor.xcdatamodeld in Sources */,
				0546723F228621D700F2C79B /* AppDelegate.swift in Sources */,
			);
			runOnlyForDeploymentPostprocessing = 0;
		};
/* End PBXSourcesBuildPhase section */

/* Begin PBXVariantGroup section */
		05467242228621D700F2C79B /* Main.storyboard */ = {
			isa = PBXVariantGroup;
			children = (
				05467243228621D700F2C79B /* Base */,
			);
			name = Main.storyboard;
			sourceTree = "<group>";
		};
		0546724A228621D700F2C79B /* LaunchScreen.storyboard */ = {
			isa = PBXVariantGroup;
			children = (
				0546724B228621D700F2C79B /* Base */,
			);
			name = LaunchScreen.storyboard;
			sourceTree = "<group>";
		};
/* End PBXVariantGroup section */

/* Begin XCBuildConfiguration section */
		0546724E228621D700F2C79B /* Debug */ = {
			isa = XCBuildConfiguration;
			buildSettings = {
				ALWAYS_SEARCH_USER_PATHS = NO;
				CLANG_ANALYZER_NONNULL = YES;
				CLANG_ANALYZER_NUMBER_OBJECT_CONVERSION = YES_AGGRESSIVE;
				CLANG_CXX_LANGUAGE_STANDARD = "gnu++14";
				CLANG_CXX_LIBRARY = "libc++";
				CLANG_ENABLE_MODULES = YES;
				CLANG_ENABLE_OBJC_ARC = YES;
				CLANG_WARN_BLOCK_CAPTURE_AUTORELEASING = YES;
				CLANG_WARN_BOOL_CONVERSION = YES;
				CLANG_WARN_COMMA = YES;
				CLANG_WARN_CONSTANT_CONVERSION = YES;
				CLANG_WARN_DIRECT_OBJC_ISA_USAGE = YES_ERROR;
				CLANG_WARN_DOCUMENTATION_COMMENTS = YES;
				CLANG_WARN_EMPTY_BODY = YES;
				CLANG_WARN_ENUM_CONVERSION = YES;
				CLANG_WARN_INFINITE_RECURSION = YES;
				CLANG_WARN_INT_CONVERSION = YES;
				CLANG_WARN_NON_LITERAL_NULL_CONVERSION = YES;
				CLANG_WARN_OBJC_LITERAL_CONVERSION = YES;
				CLANG_WARN_OBJC_ROOT_CLASS = YES_ERROR;
				CLANG_WARN_RANGE_LOOP_ANALYSIS = YES;
				CLANG_WARN_STRICT_PROTOTYPES = YES;
				CLANG_WARN_SUSPICIOUS_MOVE = YES;
				CLANG_WARN_UNGUARDED_AVAILABILITY = YES_AGGRESSIVE;
				CLANG_WARN_UNREACHABLE_CODE = YES;
				CLANG_WARN__DUPLICATE_METHOD_MATCH = YES;
				CODE_SIGN_IDENTITY = "iPhone Developer";
				COPY_PHASE_STRIP = NO;
				DEBUG_INFORMATION_FORMAT = dwarf;
				ENABLE_STRICT_OBJC_MSGSEND = YES;
				ENABLE_TESTABILITY = YES;
				GCC_C_LANGUAGE_STANDARD = gnu11;
				GCC_DYNAMIC_NO_PIC = NO;
				GCC_NO_COMMON_BLOCKS = YES;
				GCC_OPTIMIZATION_LEVEL = 0;
				GCC_PREPROCESSOR_DEFINITIONS = (
					"DEBUG=1",
					"$(inherited)",
				);
				GCC_WARN_64_TO_32_BIT_CONVERSION = YES;
				GCC_WARN_ABOUT_RETURN_TYPE = YES_ERROR;
				GCC_WARN_UNDECLARED_SELECTOR = YES;
				GCC_WARN_UNINITIALIZED_AUTOS = YES_AGGRESSIVE;
				GCC_WARN_UNUSED_FUNCTION = YES;
				GCC_WARN_UNUSED_VARIABLE = YES;
				IPHONEOS_DEPLOYMENT_TARGET = 11.2;
				MTL_ENABLE_DEBUG_INFO = YES;
				ONLY_ACTIVE_ARCH = YES;
				SDKROOT = iphoneos;
				SWIFT_ACTIVE_COMPILATION_CONDITIONS = DEBUG;
				SWIFT_OPTIMIZATION_LEVEL = "-Onone";
			};
			name = Debug;
		};
		0546724F228621D700F2C79B /* Release */ = {
			isa = XCBuildConfiguration;
			buildSettings = {
				ALWAYS_SEARCH_USER_PATHS = NO;
				CLANG_ANALYZER_NONNULL = YES;
				CLANG_ANALYZER_NUMBER_OBJECT_CONVERSION = YES_AGGRESSIVE;
				CLANG_CXX_LANGUAGE_STANDARD = "gnu++14";
				CLANG_CXX_LIBRARY = "libc++";
				CLANG_ENABLE_MODULES = YES;
				CLANG_ENABLE_OBJC_ARC = YES;
				CLANG_WARN_BLOCK_CAPTURE_AUTORELEASING = YES;
				CLANG_WARN_BOOL_CONVERSION = YES;
				CLANG_WARN_COMMA = YES;
				CLANG_WARN_CONSTANT_CONVERSION = YES;
				CLANG_WARN_DIRECT_OBJC_ISA_USAGE = YES_ERROR;
				CLANG_WARN_DOCUMENTATION_COMMENTS = YES;
				CLANG_WARN_EMPTY_BODY = YES;
				CLANG_WARN_ENUM_CONVERSION = YES;
				CLANG_WARN_INFINITE_RECURSION = YES;
				CLANG_WARN_INT_CONVERSION = YES;
				CLANG_WARN_NON_LITERAL_NULL_CONVERSION = YES;
				CLANG_WARN_OBJC_LITERAL_CONVERSION = YES;
				CLANG_WARN_OBJC_ROOT_CLASS = YES_ERROR;
				CLANG_WARN_RANGE_LOOP_ANALYSIS = YES;
				CLANG_WARN_STRICT_PROTOTYPES = YES;
				CLANG_WARN_SUSPICIOUS_MOVE = YES;
				CLANG_WARN_UNGUARDED_AVAILABILITY = YES_AGGRESSIVE;
				CLANG_WARN_UNREACHABLE_CODE = YES;
				CLANG_WARN__DUPLICATE_METHOD_MATCH = YES;
				CODE_SIGN_IDENTITY = "iPhone Developer";
				COPY_PHASE_STRIP = NO;
				DEBUG_INFORMATION_FORMAT = "dwarf-with-dsym";
				ENABLE_NS_ASSERTIONS = NO;
				ENABLE_STRICT_OBJC_MSGSEND = YES;
				GCC_C_LANGUAGE_STANDARD = gnu11;
				GCC_NO_COMMON_BLOCKS = YES;
				GCC_WARN_64_TO_32_BIT_CONVERSION = YES;
				GCC_WARN_ABOUT_RETURN_TYPE = YES_ERROR;
				GCC_WARN_UNDECLARED_SELECTOR = YES;
				GCC_WARN_UNINITIALIZED_AUTOS = YES_AGGRESSIVE;
				GCC_WARN_UNUSED_FUNCTION = YES;
				GCC_WARN_UNUSED_VARIABLE = YES;
				IPHONEOS_DEPLOYMENT_TARGET = 11.2;
				MTL_ENABLE_DEBUG_INFO = NO;
				SDKROOT = iphoneos;
				SWIFT_OPTIMIZATION_LEVEL = "-Owholemodule";
				VALIDATE_PRODUCT = YES;
			};
			name = Release;
		};
		05467251228621D700F2C79B /* Debug */ = {
			isa = XCBuildConfiguration;
			buildSettings = {
				ASSETCATALOG_COMPILER_APPICON_NAME = AppIcon;
				CODE_SIGN_STYLE = Automatic;
				DEVELOPMENT_TEAM = S92K49Z9KH;
				INFOPLIST_FILE = Conversor/Info.plist;
				LD_RUNPATH_SEARCH_PATHS = "$(inherited) @executable_path/Frameworks";
				PRODUCT_BUNDLE_IDENTIFIER = com.tecsup.Conversor;
				PRODUCT_NAME = "$(TARGET_NAME)";
				SWIFT_VERSION = 4.0;
				TARGETED_DEVICE_FAMILY = "1,2";
			};
			name = Debug;
		};
		05467252228621D700F2C79B /* Release */ = {
			isa = XCBuildConfiguration;
			buildSettings = {
				ASSETCATALOG_COMPILER_APPICON_NAME = AppIcon;
				CODE_SIGN_STYLE = Automatic;
				DEVELOPMENT_TEAM = S92K49Z9KH;
				INFOPLIST_FILE = Conversor/Info.plist;
				LD_RUNPATH_SEARCH_PATHS = "$(inherited) @executable_path/Frameworks";
				PRODUCT_BUNDLE_IDENTIFIER = com.tecsup.Conversor;
				PRODUCT_NAME = "$(TARGET_NAME)";
				SWIFT_VERSION = 4.0;
				TARGETED_DEVICE_FAMILY = "1,2";
			};
			name = Release;
		};
/* End XCBuildConfiguration section */

/* Begin XCConfigurationList section */
		05467236228621D700F2C79B /* Build configuration list for PBXProject "Conversor" */ = {
			isa = XCConfigurationList;
			buildConfigurations = (
				0546724E228621D700F2C79B /* Debug */,
				0546724F228621D700F2C79B /* Release */,
			);
			defaultConfigurationIsVisible = 0;
			defaultConfigurationName = Release;
		};
		05467250228621D700F2C79B /* Build configuration list for PBXNativeTarget "Conversor" */ = {
			isa = XCConfigurationList;
			buildConfigurations = (
				05467251228621D700F2C79B /* Debug */,
				05467252228621D700F2C79B /* Release */,
			);
			defaultConfigurationIsVisible = 0;
			defaultConfigurationName = Release;
		};
/* End XCConfigurationList section */

/* Begin XCVersionGroup section */
		05467245228621D700F2C79B /* Conversor.xcdatamodeld */ = {
			isa = XCVersionGroup;
			children = (
				05467246228621D700F2C79B /* Conversor.xcdatamodel */,
			);
			currentVersion = 05467246228621D700F2C79B /* Conversor.xcdatamodel */;
			path = Conversor.xcdatamodeld;
			sourceTree = "<group>";
			versionGroupType = wrapper.xcdatamodel;
		};
/* End XCVersionGroup section */
	};
	rootObject = 05467233228621D700F2C79B /* Project object */;
}
